
Microsoft Visual Studio Solution File, Format Version 12.00
# Visual Studio Version 17
VisualStudioVersion = 17.2.32616.157
MinimumVisualStudioVersion = 10.0.40219.1
Project("{FAE04EC0-301F-11D3-BF4B-00C04F79EFBC}") = "ConsumeInheritedBuildTask", "ConsumeInheritedBuildTask.csproj", "{B99CBE45-F755-4E7F-B23F-174AE3DDC353}"
EndProject
Global
	GlobalSection(SolutionConfigurationPlatforms) = preSolution
		Debug|Any CPU = Debug|Any CPU
		Release|Any CPU = Release|Any CPU
	EndGlobalSection
	GlobalSection(ProjectConfigurationPlatforms) = postSolution
		{B99CBE45-F755-4E7F-B23F-174AE3DDC353}.Debug|Any CPU.ActiveCfg = Debug|Any CPU
		{B99CBE45-F755-4E7F-B23F-174AE3DDC353}.Debug|Any CPU.Build.0 = Debug|Any CPU
		{B99CBE45-F755-4E7F-B23F-174AE3DDC353}.Release|Any CPU.ActiveCfg = Release|Any CPU
		{B99CBE45-F755-4E7F-B23F-174AE3DDC353}.Release|Any CPU.Build.0 = Release|Any CPU
	EndGlobalSection
	GlobalSection(SolutionProperties) = preSolution
		HideSolutionNode = FALSE
	EndGlobalSection
	GlobalSection(ExtensibilityGlobals) = postSolution
		SolutionGuid = {35197A07-1856-4CFD-A9EB-49C7CEABB273}
	EndGlobalSection
EndGlobal
